
Microsoft Visual Studio Solution File, Format Version 12.00
# Visual Studio Version 17
VisualStudioVersion = 17.5.33627.172
MinimumVisualStudioVersion = 10.0.40219.1
Project("{FAE04EC0-301F-11D3-BF4B-00C04F79EFBC}") = "GestaoBarbearia.Web", "GestaoBarbearia.Web\GestaoBarbearia.Web.csproj", "{05444B91-045E-41B6-85E3-28AB86CE333E}"
EndProject
Global
	GlobalSection(SolutionConfigurationPlatforms) = preSolution
		Debug|Any CPU = Debug|Any CPU
		Release|Any CPU = Release|Any CPU
	EndGlobalSection
	GlobalSection(ProjectConfigurationPlatforms) = postSolution
		{05444B91-045E-41B6-85E3-28AB86CE333E}.Debug|Any CPU.ActiveCfg = Debug|Any CPU
		{05444B91-045E-41B6-85E3-28AB86CE333E}.Debug|Any CPU.Build.0 = Debug|Any CPU
		{05444B91-045E-41B6-85E3-28AB86CE333E}.Release|Any CPU.ActiveCfg = Release|Any CPU
		{05444B91-045E-41B6-85E3-28AB86CE333E}.Release|Any CPU.Build.0 = Release|Any CPU
	EndGlobalSection
	GlobalSection(SolutionProperties) = preSolution
		HideSolutionNode = FALSE
	EndGlobalSection
	GlobalSection(ExtensibilityGlobals) = postSolution
		SolutionGuid = {9C261ADE-DF1B-4A02-AB1F-0594428241C5}
	EndGlobalSection
EndGlobal
